
Microsoft Visual Studio Solution File, Format Version 12.00
# Visual Studio Version 17
VisualStudioVersion = 17.3.32929.385
MinimumVisualStudioVersion = 10.0.40219.1
Project("{9A19103F-16F7-4668-BE54-9A1E7A4F7556}") = "CS311_Project2_ATW", "CS311_Project2_ATW.csproj", "{216F1256-9FD3-4B81-9779-185322F39362}"
EndProject
Global
	GlobalSection(SolutionConfigurationPlatforms) = preSolution
		Debug|Any CPU = Debug|Any CPU
		Release|Any CPU = Release|Any CPU
	EndGlobalSection
	GlobalSection(ProjectConfigurationPlatforms) = postSolution
		{216F1256-9FD3-4B81-9779-185322F39362}.Debug|Any CPU.ActiveCfg = Debug|Any CPU
		{216F1256-9FD3-4B81-9779-185322F39362}.Debug|Any CPU.Build.0 = Debug|Any CPU
		{216F1256-9FD3-4B81-9779-185322F39362}.Release|Any CPU.ActiveCfg = Release|Any CPU
		{216F1256-9FD3-4B81-9779-185322F39362}.Release|Any CPU.Build.0 = Release|Any CPU
	EndGlobalSection
	GlobalSection(SolutionProperties) = preSolution
		HideSolutionNode = FALSE
	EndGlobalSection
	GlobalSection(ExtensibilityGlobals) = postSolution
		SolutionGuid = {02DDE6FF-D977-47AE-957F-7CA992254982}
	EndGlobalSection
EndGlobal
